
Microsoft Visual Studio Solution File, Format Version 12.00
# Visual Studio Version 17
VisualStudioVersion = 17.4.33205.214
MinimumVisualStudioVersion = 10.0.40219.1
Project("{2150E333-8FDC-42A3-9474-1A3956D46DE8}") = "Services", "Services", "{AD394896-4234-4F58-B951-F21C68DB405B}"
EndProject
Project("{2150E333-8FDC-42A3-9474-1A3956D46DE8}") = "Catalog", "Catalog", "{FDB26D86-44F8-4213-9470-E0238B1596EE}"
EndProject
Project("{9A19103F-16F7-4668-BE54-9A1E7A4F7556}") = "Catalog.API", "Catalog.API\Catalog.API.csproj", "{B80EA499-7A10-4C84-8CA4-5E6A010681DD}"
EndProject
Project("{E53339B2-1760-4266-BCC7-CA923CBCF16C}") = "docker-compose", "docker-compose.dcproj", "{C92FD79E-4DF9-4E0E-9C00-751DCB3A1D41}"
EndProject
Project("{2150E333-8FDC-42A3-9474-1A3956D46DE8}") = "Basket", "Basket", "{BEBB33A8-1125-4A86-B433-7A5553E3836B}"
EndProject
Project("{9A19103F-16F7-4668-BE54-9A1E7A4F7556}") = "Basket.API", "Basket.API\Basket.API.csproj", "{9FD367D3-23C5-4F84-9021-920EDA1C8B01}"
EndProject
Project("{2150E333-8FDC-42A3-9474-1A3956D46DE8}") = "Discount", "Discount", "{0DE8D810-061A-4A62-95EE-22EFEEEAFB7B}"
EndProject
Project("{9A19103F-16F7-4668-BE54-9A1E7A4F7556}") = "Discount.API", "Discount.API\Discount.API.csproj", "{1C82F5FB-8A9A-408E-9632-A7190F1B3B31}"
EndProject
Project("{9A19103F-16F7-4668-BE54-9A1E7A4F7556}") = "Discount.Grpc", "Discount.Grpc\Discount.Grpc.csproj", "{7CD331E7-7122-47D4-ADC2-39BBE2DB4DBE}"
EndProject
Project("{2150E333-8FDC-42A3-9474-1A3956D46DE8}") = "Ordering", "Ordering", "{BC535F1B-6A1E-4756-B448-D4B01DA2A78B}"
EndProject
Project("{9A19103F-16F7-4668-BE54-9A1E7A4F7556}") = "Ordering.Domain", "Ordering\Ordering.Domain\Ordering.Domain.csproj", "{B8A46EF3-4F3D-4FB3-9F1F-25F65F834BBC}"
EndProject
Project("{9A19103F-16F7-4668-BE54-9A1E7A4F7556}") = "Ordering.API", "Ordering\Ordering.API\Ordering.API.csproj", "{D6E7D2AB-FD7A-4C6D-B973-FAFA9B15682A}"
EndProject
Project("{9A19103F-16F7-4668-BE54-9A1E7A4F7556}") = "Ordering.Application", "Ordering\Ordering.Application\Ordering.Application.csproj", "{5C75FA5A-5D12-4D9A-8FAB-10EB770954FF}"
EndProject
Project("{9A19103F-16F7-4668-BE54-9A1E7A4F7556}") = "Ordering.Infrastructure", "Ordering\Ordering.Infrastructure\Ordering.Infrastructure.csproj", "{C6A210A8-8330-4742-98C6-17CD23D16207}"
EndProject
Project("{2150E333-8FDC-42A3-9474-1A3956D46DE8}") = "BuildingBlocks", "BuildingBlocks", "{283D33A8-AC4E-43BF-8220-E2DFFED0CFF7}"
EndProject
Project("{9A19103F-16F7-4668-BE54-9A1E7A4F7556}") = "EventBus.Messages", "BuildingBlocks\EventBus.Messages\EventBus.Messages.csproj", "{703F6434-F707-4F94-A5D1-002327D27F38}"
EndProject
Project("{2150E333-8FDC-42A3-9474-1A3956D46DE8}") = "ApiGateways", "ApiGateways", "{B283221E-5150-4111-AD7A-E509545BCF14}"
EndProject
Project("{FAE04EC0-301F-11D3-BF4B-00C04F79EFBC}") = "OcelotApiGw", "ApiGateways\OcelotApiGw\OcelotApiGw.csproj", "{F581F5FC-588B-46CD-90B4-0A9751B2C7FE}"
EndProject
Global
	GlobalSection(SolutionConfigurationPlatforms) = preSolution
		Debug|Any CPU = Debug|Any CPU
		Release|Any CPU = Release|Any CPU
	EndGlobalSection
	GlobalSection(ProjectConfigurationPlatforms) = postSolution
		{B80EA499-7A10-4C84-8CA4-5E6A010681DD}.Debug|Any CPU.ActiveCfg = Debug|Any CPU
		{B80EA499-7A10-4C84-8CA4-5E6A010681DD}.Debug|Any CPU.Build.0 = Debug|Any CPU
		{B80EA499-7A10-4C84-8CA4-5E6A010681DD}.Release|Any CPU.ActiveCfg = Release|Any CPU
		{B80EA499-7A10-4C84-8CA4-5E6A010681DD}.Release|Any CPU.Build.0 = Release|Any CPU
		{C92FD79E-4DF9-4E0E-9C00-751DCB3A1D41}.Debug|Any CPU.ActiveCfg = Debug|Any CPU
		{C92FD79E-4DF9-4E0E-9C00-751DCB3A1D41}.Debug|Any CPU.Build.0 = Debug|Any CPU
		{C92FD79E-4DF9-4E0E-9C00-751DCB3A1D41}.Release|Any CPU.ActiveCfg = Release|Any CPU
		{C92FD79E-4DF9-4E0E-9C00-751DCB3A1D41}.Release|Any CPU.Build.0 = Release|Any CPU
		{9FD367D3-23C5-4F84-9021-920EDA1C8B01}.Debug|Any CPU.ActiveCfg = Debug|Any CPU
		{9FD367D3-23C5-4F84-9021-920EDA1C8B01}.Debug|Any CPU.Build.0 = Debug|Any CPU
		{9FD367D3-23C5-4F84-9021-920EDA1C8B01}.Release|Any CPU.ActiveCfg = Release|Any CPU
		{9FD367D3-23C5-4F84-9021-920EDA1C8B01}.Release|Any CPU.Build.0 = Release|Any CPU
		{1C82F5FB-8A9A-408E-9632-A7190F1B3B31}.Debug|Any CPU.ActiveCfg = Debug|Any CPU
		{1C82F5FB-8A9A-408E-9632-A7190F1B3B31}.Debug|Any CPU.Build.0 = Debug|Any CPU
		{1C82F5FB-8A9A-408E-9632-A7190F1B3B31}.Release|Any CPU.ActiveCfg = Release|Any CPU
		{1C82F5FB-8A9A-408E-9632-A7190F1B3B31}.Release|Any CPU.Build.0 = Release|Any CPU
		{7CD331E7-7122-47D4-ADC2-39BBE2DB4DBE}.Debug|Any CPU.ActiveCfg = Debug|Any CPU
		{7CD331E7-7122-47D4-ADC2-39BBE2DB4DBE}.Debug|Any CPU.Build.0 = Debug|Any CPU
		{7CD331E7-7122-47D4-ADC2-39BBE2DB4DBE}.Release|Any CPU.ActiveCfg = Release|Any CPU
		{7CD331E7-7122-47D4-ADC2-39BBE2DB4DBE}.Release|Any CPU.Build.0 = Release|Any CPU
		{B8A46EF3-4F3D-4FB3-9F1F-25F65F834BBC}.Debug|Any CPU.ActiveCfg = Debug|Any CPU
		{B8A46EF3-4F3D-4FB3-9F1F-25F65F834BBC}.Debug|Any CPU.Build.0 = Debug|Any CPU
		{B8A46EF3-4F3D-4FB3-9F1F-25F65F834BBC}.Release|Any CPU.ActiveCfg = Release|Any CPU
		{B8A46EF3-4F3D-4FB3-9F1F-25F65F834BBC}.Release|Any CPU.Build.0 = Release|Any CPU
		{D6E7D2AB-FD7A-4C6D-B973-FAFA9B15682A}.Debug|Any CPU.ActiveCfg = Debug|Any CPU
		{D6E7D2AB-FD7A-4C6D-B973-FAFA9B15682A}.Debug|Any CPU.Build.0 = Debug|Any CPU
		{D6E7D2AB-FD7A-4C6D-B973-FAFA9B15682A}.Release|Any CPU.ActiveCfg = Release|Any CPU
		{D6E7D2AB-FD7A-4C6D-B973-FAFA9B15682A}.Release|Any CPU.Build.0 = Release|Any CPU
		{5C75FA5A-5D12-4D9A-8FAB-10EB770954FF}.Debug|Any CPU.ActiveCfg = Debug|Any CPU
		{5C75FA5A-5D12-4D9A-8FAB-10EB770954FF}.Debug|Any CPU.Build.0 = Debug|Any CPU
		{5C75FA5A-5D12-4D9A-8FAB-10EB770954FF}.Release|Any CPU.ActiveCfg = Release|Any CPU
		{5C75FA5A-5D12-4D9A-8FAB-10EB770954FF}.Release|Any CPU.Build.0 = Release|Any CPU
		{C6A210A8-8330-4742-98C6-17CD23D16207}.Debug|Any CPU.ActiveCfg = Debug|Any CPU
		{C6A210A8-8330-4742-98C6-17CD23D16207}.Debug|Any CPU.Build.0 = Debug|Any CPU
		{C6A210A8-8330-4742-98C6-17CD23D16207}.Release|Any CPU.ActiveCfg = Release|Any CPU
		{C6A210A8-8330-4742-98C6-17CD23D16207}.Release|Any CPU.Build.0 = Release|Any CPU
		{703F6434-F707-4F94-A5D1-002327D27F38}.Debug|Any CPU.ActiveCfg = Debug|Any CPU
		{703F6434-F707-4F94-A5D1-002327D27F38}.Debug|Any CPU.Build.0 = Debug|Any CPU
		{703F6434-F707-4F94-A5D1-002327D27F38}.Release|Any CPU.ActiveCfg = Release|Any CPU
		{703F6434-F707-4F94-A5D1-002327D27F38}.Release|Any CPU.Build.0 = Release|Any CPU
		{F581F5FC-588B-46CD-90B4-0A9751B2C7FE}.Debug|Any CPU.ActiveCfg = Debug|Any CPU
		{F581F5FC-588B-46CD-90B4-0A9751B2C7FE}.Debug|Any CPU.Build.0 = Debug|Any CPU
		{F581F5FC-588B-46CD-90B4-0A9751B2C7FE}.Release|Any CPU.ActiveCfg = Release|Any CPU
		{F581F5FC-588B-46CD-90B4-0A9751B2C7FE}.Release|Any CPU.Build.0 = Release|Any CPU
	EndGlobalSection
	GlobalSection(SolutionProperties) = preSolution
		HideSolutionNode = FALSE
	EndGlobalSection
	GlobalSection(NestedProjects) = preSolution
		{FDB26D86-44F8-4213-9470-E0238B1596EE} = {AD394896-4234-4F58-B951-F21C68DB405B}
		{B80EA499-7A10-4C84-8CA4-5E6A010681DD} = {FDB26D86-44F8-4213-9470-E0238B1596EE}
		{BEBB33A8-1125-4A86-B433-7A5553E3836B} = {AD394896-4234-4F58-B951-F21C68DB405B}
		{9FD367D3-23C5-4F84-9021-920EDA1C8B01} = {BEBB33A8-1125-4A86-B433-7A5553E3836B}
		{0DE8D810-061A-4A62-95EE-22EFEEEAFB7B} = {AD394896-4234-4F58-B951-F21C68DB405B}
		{1C82F5FB-8A9A-408E-9632-A7190F1B3B31} = {0DE8D810-061A-4A62-95EE-22EFEEEAFB7B}
		{7CD331E7-7122-47D4-ADC2-39BBE2DB4DBE} = {0DE8D810-061A-4A62-95EE-22EFEEEAFB7B}
		{BC535F1B-6A1E-4756-B448-D4B01DA2A78B} = {AD394896-4234-4F58-B951-F21C68DB405B}
		{B8A46EF3-4F3D-4FB3-9F1F-25F65F834BBC} = {BC535F1B-6A1E-4756-B448-D4B01DA2A78B}
		{D6E7D2AB-FD7A-4C6D-B973-FAFA9B15682A} = {BC535F1B-6A1E-4756-B448-D4B01DA2A78B}
		{5C75FA5A-5D12-4D9A-8FAB-10EB770954FF} = {BC535F1B-6A1E-4756-B448-D4B01DA2A78B}
		{C6A210A8-8330-4742-98C6-17CD23D16207} = {BC535F1B-6A1E-4756-B448-D4B01DA2A78B}
		{703F6434-F707-4F94-A5D1-002327D27F38} = {283D33A8-AC4E-43BF-8220-E2DFFED0CFF7}
		{F581F5FC-588B-46CD-90B4-0A9751B2C7FE} = {B283221E-5150-4111-AD7A-E509545BCF14}
	EndGlobalSection
	GlobalSection(ExtensibilityGlobals) = postSolution
		SolutionGuid = {38AD3BEA-EB8F-4D84-A068-4FD7558F86F8}
	EndGlobalSection
EndGlobal
