
Microsoft Visual Studio Solution File, Format Version 12.00
# Visual Studio Version 17
VisualStudioVersion = 17.4.33205.214
MinimumVisualStudioVersion = 10.0.40219.1
Project("{2150E333-8FDC-42A3-9474-1A3956D46DE8}") = "Services", "Services", "{AD394896-4234-4F58-B951-F21C68DB405B}"
EndProject
Project("{2150E333-8FDC-42A3-9474-1A3956D46DE8}") = "Catalog", "Catalog", "{FDB26D86-44F8-4213-9470-E0238B1596EE}"
EndProject
Project("{9A19103F-16F7-4668-BE54-9A1E7A4F7556}") = "Catalog.API", "Catalog.API\Catalog.API.csproj", "{B80EA499-7A10-4C84-8CA4-5E6A010681DD}"
EndProject
Project("{E53339B2-1760-4266-BCC7-CA923CBCF16C}") = "docker-compose", "docker-compose.dcproj", "{C92FD79E-4DF9-4E0E-9C00-751DCB3A1D41}"
EndProject
Project("{2150E333-8FDC-42A3-9474-1A3956D46DE8}") = "Basket", "Basket", "{F180A1D3-9D84-4028-A78D-C22C89DD2AB1}"
EndProject
Project("{FAE04EC0-301F-11D3-BF4B-00C04F79EFBC}") = "Basket.API", "..\Basket.API\Basket.API.csproj", "{B501909F-6FEB-4D4E-8E73-E1004A5BB2C0}"
EndProject
Project("{FAE04EC0-301F-11D3-BF4B-00C04F79EFBC}") = "Basket.Domain", "..\Basket.Domain\Basket.Domain.csproj", "{6D4A39B8-EA68-4984-AF40-FCB53DFEFC53}"
EndProject
Project("{FAE04EC0-301F-11D3-BF4B-00C04F79EFBC}") = "Basket.Infrastructure", "..\Basket.Infrastructure\Basket.Infrastructure.csproj", "{F47341EC-6C5A-486A-8A3D-A60A44077B65}"
EndProject
Global
	GlobalSection(SolutionConfigurationPlatforms) = preSolution
		Debug|Any CPU = Debug|Any CPU
		Release|Any CPU = Release|Any CPU
	EndGlobalSection
	GlobalSection(ProjectConfigurationPlatforms) = postSolution
		{B80EA499-7A10-4C84-8CA4-5E6A010681DD}.Debug|Any CPU.ActiveCfg = Debug|Any CPU
		{B80EA499-7A10-4C84-8CA4-5E6A010681DD}.Debug|Any CPU.Build.0 = Debug|Any CPU
		{B80EA499-7A10-4C84-8CA4-5E6A010681DD}.Release|Any CPU.ActiveCfg = Release|Any CPU
		{B80EA499-7A10-4C84-8CA4-5E6A010681DD}.Release|Any CPU.Build.0 = Release|Any CPU
		{C92FD79E-4DF9-4E0E-9C00-751DCB3A1D41}.Debug|Any CPU.ActiveCfg = Debug|Any CPU
		{C92FD79E-4DF9-4E0E-9C00-751DCB3A1D41}.Debug|Any CPU.Build.0 = Debug|Any CPU
		{C92FD79E-4DF9-4E0E-9C00-751DCB3A1D41}.Release|Any CPU.ActiveCfg = Release|Any CPU
		{C92FD79E-4DF9-4E0E-9C00-751DCB3A1D41}.Release|Any CPU.Build.0 = Release|Any CPU
		{B501909F-6FEB-4D4E-8E73-E1004A5BB2C0}.Debug|Any CPU.ActiveCfg = Debug|Any CPU
		{B501909F-6FEB-4D4E-8E73-E1004A5BB2C0}.Debug|Any CPU.Build.0 = Debug|Any CPU
		{B501909F-6FEB-4D4E-8E73-E1004A5BB2C0}.Release|Any CPU.ActiveCfg = Release|Any CPU
		{B501909F-6FEB-4D4E-8E73-E1004A5BB2C0}.Release|Any CPU.Build.0 = Release|Any CPU
		{6D4A39B8-EA68-4984-AF40-FCB53DFEFC53}.Debug|Any CPU.ActiveCfg = Debug|Any CPU
		{6D4A39B8-EA68-4984-AF40-FCB53DFEFC53}.Debug|Any CPU.Build.0 = Debug|Any CPU
		{6D4A39B8-EA68-4984-AF40-FCB53DFEFC53}.Release|Any CPU.ActiveCfg = Release|Any CPU
		{6D4A39B8-EA68-4984-AF40-FCB53DFEFC53}.Release|Any CPU.Build.0 = Release|Any CPU
		{F47341EC-6C5A-486A-8A3D-A60A44077B65}.Debug|Any CPU.ActiveCfg = Debug|Any CPU
		{F47341EC-6C5A-486A-8A3D-A60A44077B65}.Debug|Any CPU.Build.0 = Debug|Any CPU
		{F47341EC-6C5A-486A-8A3D-A60A44077B65}.Release|Any CPU.ActiveCfg = Release|Any CPU
		{F47341EC-6C5A-486A-8A3D-A60A44077B65}.Release|Any CPU.Build.0 = Release|Any CPU
	EndGlobalSection
	GlobalSection(SolutionProperties) = preSolution
		HideSolutionNode = FALSE
	EndGlobalSection
	GlobalSection(NestedProjects) = preSolution
		{FDB26D86-44F8-4213-9470-E0238B1596EE} = {AD394896-4234-4F58-B951-F21C68DB405B}
		{B80EA499-7A10-4C84-8CA4-5E6A010681DD} = {FDB26D86-44F8-4213-9470-E0238B1596EE}
		{F180A1D3-9D84-4028-A78D-C22C89DD2AB1} = {AD394896-4234-4F58-B951-F21C68DB405B}
		{B501909F-6FEB-4D4E-8E73-E1004A5BB2C0} = {F180A1D3-9D84-4028-A78D-C22C89DD2AB1}
		{6D4A39B8-EA68-4984-AF40-FCB53DFEFC53} = {F180A1D3-9D84-4028-A78D-C22C89DD2AB1}
		{F47341EC-6C5A-486A-8A3D-A60A44077B65} = {F180A1D3-9D84-4028-A78D-C22C89DD2AB1}
	EndGlobalSection
	GlobalSection(ExtensibilityGlobals) = postSolution
		SolutionGuid = {38AD3BEA-EB8F-4D84-A068-4FD7558F86F8}
	EndGlobalSection
EndGlobal
